
Microsoft Visual Studio Solution File, Format Version 12.00
# Visual Studio Version 17
VisualStudioVersion = 17.0.31903.59
MinimumVisualStudioVersion = 10.0.40219.1
Project("{2150E333-8FDC-42A3-9474-1A3956D46DE8}") = "src", "src", "{25EDCB3F-F063-4A79-B064-6C6996AAE6F0}"
EndProject
Project("{FAE04EC0-301F-11D3-BF4B-00C04F79EFBC}") = "Bigai.Tools.Feriados", "src\Bigai.Tools.Feriados\Bigai.Tools.Feriados.csproj", "{4505E43E-C214-4A1E-9427-A314CAD4EF4B}"
EndProject
Project("{2150E333-8FDC-42A3-9474-1A3956D46DE8}") = "tests", "tests", "{3E99DCBE-4563-4345-A0B0-893461709052}"
EndProject
Project("{FAE04EC0-301F-11D3-BF4B-00C04F79EFBC}") = "Bigai.Tools.Feriados.Tests", "tests\Bigai.Tools.Feriados.Tests\Bigai.Tools.Feriados.Tests.csproj", "{3C91EA71-B944-4561-88EF-B25A4DE83CB4}"
EndProject
Global
	GlobalSection(SolutionConfigurationPlatforms) = preSolution
		Debug|Any CPU = Debug|Any CPU
		Release|Any CPU = Release|Any CPU
	EndGlobalSection
	GlobalSection(ProjectConfigurationPlatforms) = postSolution
		{4505E43E-C214-4A1E-9427-A314CAD4EF4B}.Debug|Any CPU.ActiveCfg = Debug|Any CPU
		{4505E43E-C214-4A1E-9427-A314CAD4EF4B}.Debug|Any CPU.Build.0 = Debug|Any CPU
		{4505E43E-C214-4A1E-9427-A314CAD4EF4B}.Release|Any CPU.ActiveCfg = Release|Any CPU
		{4505E43E-C214-4A1E-9427-A314CAD4EF4B}.Release|Any CPU.Build.0 = Release|Any CPU
		{3C91EA71-B944-4561-88EF-B25A4DE83CB4}.Debug|Any CPU.ActiveCfg = Debug|Any CPU
		{3C91EA71-B944-4561-88EF-B25A4DE83CB4}.Debug|Any CPU.Build.0 = Debug|Any CPU
		{3C91EA71-B944-4561-88EF-B25A4DE83CB4}.Release|Any CPU.ActiveCfg = Release|Any CPU
		{3C91EA71-B944-4561-88EF-B25A4DE83CB4}.Release|Any CPU.Build.0 = Release|Any CPU
	EndGlobalSection
	GlobalSection(SolutionProperties) = preSolution
		HideSolutionNode = FALSE
	EndGlobalSection
	GlobalSection(NestedProjects) = preSolution
		{4505E43E-C214-4A1E-9427-A314CAD4EF4B} = {25EDCB3F-F063-4A79-B064-6C6996AAE6F0}
		{3C91EA71-B944-4561-88EF-B25A4DE83CB4} = {3E99DCBE-4563-4345-A0B0-893461709052}
	EndGlobalSection
EndGlobal
